
Microsoft Visual Studio Solution File, Format Version 11.00
# Visual Studio 2010
Project("{FAE04EC0-301F-11D3-BF4B-00C04F79EFBC}") = "Assembly-CSharp", "Assembly-CSharp.csproj", "{a11fef63-1a75-2c36-8a45-658305feeb14}"
EndProject
Project("{FAE04EC0-301F-11D3-BF4B-00C04F79EFBC}") = "Assembly-CSharp-Editor", "Assembly-CSharp-Editor.csproj", "{ee74f5ba-d4ee-f7e9-88c6-1fbde59215a6}"
EndProject
Global
	GlobalSection(SolutionConfigurationPlatforms) = preSolution
		Debug|Any CPU = Debug|Any CPU
	EndGlobalSection
	GlobalSection(ProjectConfigurationPlatforms) = postSolution
		{a11fef63-1a75-2c36-8a45-658305feeb14}.Debug|Any CPU.ActiveCfg = Debug|Any CPU
		{a11fef63-1a75-2c36-8a45-658305feeb14}.Debug|Any CPU.Build.0 = Debug|Any CPU
		{ee74f5ba-d4ee-f7e9-88c6-1fbde59215a6}.Debug|Any CPU.ActiveCfg = Debug|Any CPU
		{ee74f5ba-d4ee-f7e9-88c6-1fbde59215a6}.Debug|Any CPU.Build.0 = Debug|Any CPU
	EndGlobalSection
	GlobalSection(SolutionProperties) = preSolution
		HideSolutionNode = FALSE
	EndGlobalSection
EndGlobal
